// !$*UTF8*$!
{
	archiveVersion = 1;
	classes = {
	};
	objectVersion = 46;
	objects = {

/* Begin PBXBuildFile section */
		B55874911E98BAE300998DB8 /* main.m in Sources */ = {isa = PBXBuildFile; fileRef = B55874901E98BAE300998DB8 /* main.m */; };
		B55874941E98BAE300998DB8 /* AppDelegate.m in Sources */ = {isa = PBXBuildFile; fileRef = B55874931E98BAE300998DB8 /* AppDelegate.m */; };
		B55874971E98BAE300998DB8 /* ViewController.m in Sources */ = {isa = PBXBuildFile; fileRef = B55874961E98BAE300998DB8 /* ViewController.m */; };
		B558749A1E98BAE300998DB8 /* Main.storyboard in Resources */ = {isa = PBXBuildFile; fileRef = B55874981E98BAE300998DB8 /* Main.storyboard */; };
		B558749D1E98BAE300998DB8 /* UIPageViewController.xcdatamodeld in Sources */ = {isa = PBXBuildFile; fileRef = B558749B1E98BAE300998DB8 /* UIPageViewController.xcdatamodeld */; };
		B558749F1E98BAE300998DB8 /* Assets.xcassets in Resources */ = {isa = PBXBuildFile; fileRef = B558749E1E98BAE300998DB8 /* Assets.xcassets */; };
		B55874A21E98BAE300998DB8 /* LaunchScreen.storyboard in Resources */ = {isa = PBXBuildFile; fileRef = B55874A01E98BAE300998DB8 /* LaunchScreen.storyboard */; };
		B55874AD1E98BAE300998DB8 /* UIPageViewControllerTests.m in Sources */ = {isa = PBXBuildFile; fileRef = B55874AC1E98BAE300998DB8 /* UIPageViewControllerTests.m */; };
		B55874B81E98BAE300998DB8 /* UIPageViewControllerUITests.m in Sources */ = {isa = PBXBuildFile; fileRef = B55874B71E98BAE300998DB8 /* UIPageViewControllerUITests.m */; };
		B55874C81E98BBAA00998DB8 /* QLWelcomeViewController.m in Sources */ = {isa = PBXBuildFile; fileRef = B55874C61E98BBAA00998DB8 /* QLWelcomeViewController.m */; };
		B55874C91E98BBAA00998DB8 /* QLWelcomeViewController.xib in Resources */ = {isa = PBXBuildFile; fileRef = B55874C71E98BBAA00998DB8 /* QLWelcomeViewController.xib */; };
/* End PBXBuildFile section */

/* Begin PBXContainerItemProxy section */
		B55874A91E98BAE300998DB8 /* PBXContainerItemProxy */ = {
			isa = PBXContainerItemProxy;
			containerPortal = B55874841E98BAE300998DB8 /* Project object */;
			proxyType = 1;
			remoteGlobalIDString = B558748B1E98BAE300998DB8;
			remoteInfo = UIPageViewController;
		};
		B55874B41E98BAE300998DB8 /* PBXContainerItemProxy */ = {
			isa = PBXContainerItemProxy;
			containerPortal = B55874841E98BAE300998DB8 /* Project object */;
			proxyType = 1;
			remoteGlobalIDString = B558748B1E98BAE300998DB8;
			remoteInfo = UIPageViewController;
		};
/* End PBXContainerItemProxy section */

/* Begin PBXFileReference section */
		B558748C1E98BAE300998DB8 /* UIPageViewController.app */ = {isa = PBXFileReference; explicitFileType = wrapper.application; includeInIndex = 0; path = UIPageViewController.app; sourceTree = BUILT_PRODUCTS_DIR; };
		B55874901E98BAE300998DB8 /* main.m */ = {isa = PBXFileReference; lastKnownFileType = sourcecode.c.objc; path = main.m; sourceTree = "<group>"; };
		B55874921E98BAE300998DB8 /* AppDelegate.h */ = {isa = PBXFileReference; lastKnownFileType = sourcecode.c.h; path = AppDelegate.h; sourceTree = "<group>"; };
		B55874931E98BAE300998DB8 /* AppDelegate.m */ = {isa = PBXFileReference; lastKnownFileType = sourcecode.c.objc; path = AppDelegate.m; sourceTree = "<group>"; };
		B55874951E98BAE300998DB8 /* ViewController.h */ = {isa = PBXFileReference; lastKnownFileType = sourcecode.c.h; path = ViewController.h; sourceTree = "<group>"; };
		B55874961E98BAE300998DB8 /* ViewController.m */ = {isa = PBXFileReference; lastKnownFileType = sourcecode.c.objc; path = ViewController.m; sourceTree = "<group>"; };
		B55874991E98BAE300998DB8 /* Base */ = {isa = PBXFileReference; lastKnownFileType = file.storyboard; name = Base; path = Base.lproj/Main.storyboard; sourceTree = "<group>"; };
		B558749C1E98BAE300998DB8 /* UIPageViewController.xcdatamodel */ = {isa = PBXFileReference; lastKnownFileType = wrapper.xcdatamodel; path = UIPageViewController.xcdatamodel; sourceTree = "<group>"; };
		B558749E1E98BAE300998DB8 /* Assets.xcassets */ = {isa = PBXFileReference; lastKnownFileType = folder.assetcatalog; path = Assets.xcassets; sourceTree = "<group>"; };
		B55874A11E98BAE300998DB8 /* Base */ = {isa = PBXFileReference; lastKnownFileType = file.storyboard; name = Base; path = Base.lproj/LaunchScreen.storyboard; sourceTree = "<group>"; };
		B55874A31E98BAE300998DB8 /* Info.plist */ = {isa = PBXFileReference; lastKnownFileType = text.plist.xml; path = Info.plist; sourceTree = "<group>"; };
		B55874A81E98BAE300998DB8 /* UIPageViewControllerTests.xctest */ = {isa = PBXFileReference; explicitFileType = wrapper.cfbundle; includeInIndex = 0; path = UIPageViewControllerTests.xctest; sourceTree = BUILT_PRODUCTS_DIR; };
		B55874AC1E98BAE300998DB8 /* UIPageViewControllerTests.m */ = {isa = PBXFileReference; lastKnownFileType = sourcecode.c.objc; path = UIPageViewControllerTests.m; sourceTree = "<group>"; };
		B55874AE1E98BAE300998DB8 /* Info.plist */ = {isa = PBXFileReference; lastKnownFileType = text.plist.xml; path = Info.plist; sourceTree = "<group>"; };
		B55874B31E98BAE300998DB8 /* UIPageViewControllerUITests.xctest */ = {isa = PBXFileReference; explicitFileType = wrapper.cfbundle; includeInIndex = 0; path = UIPageViewControllerUITests.xctest; sourceTree = BUILT_PRODUCTS_DIR; };
		B55874B71E98BAE300998DB8 /* UIPageViewControllerUITests.m */ = {isa = PBXFileReference; lastKnownFileType = sourcecode.c.objc; path = UIPageViewControllerUITests.m; sourceTree = "<group>"; };
		B55874B91E98BAE300998DB8 /* Info.plist */ = {isa = PBXFileReference; lastKnownFileType = text.plist.xml; path = Info.plist; sourceTree = "<group>"; };
		B55874C51E98BBAA00998DB8 /* QLWelcomeViewController.h */ = {isa = PBXFileReference; fileEncoding = 4; lastKnownFileType = sourcecode.c.h; path = QLWelcomeViewController.h; sourceTree = "<group>"; };
		B55874C61E98BBAA00998DB8 /* QLWelcomeViewController.m */ = {isa = PBXFileReference; fileEncoding = 4; lastKnownFileType = sourcecode.c.objc; path = QLWelcomeViewController.m; sourceTree = "<group>"; };
		B55874C71E98BBAA00998DB8 /* QLWelcomeViewController.xib */ = {isa = PBXFileReference; fileEncoding = 4; lastKnownFileType = file.xib; path = QLWelcomeViewController.xib; sourceTree = "<group>"; };
/* End PBXFileReference section */

/* Begin PBXFrameworksBuildPhase section */
		B55874891E98BAE300998DB8 /* Frameworks */ = {
			isa = PBXFrameworksBuildPhase;
			buildActionMask = 2147483647;
			files = (
			);
			runOnlyForDeploymentPostprocessing = 0;
		};
		B55874A51E98BAE300998DB8 /* Frameworks */ = {
			isa = PBXFrameworksBuildPhase;
			buildActionMask = 2147483647;
			files = (
			);
			runOnlyForDeploymentPostprocessing = 0;
		};
		B55874B01E98BAE300998DB8 /* Frameworks */ = {
			isa = PBXFrameworksBuildPhase;
			buildActionMask = 2147483647;
			files = (
			);
			runOnlyForDeploymentPostprocessing = 0;
		};
/* End PBXFrameworksBuildPhase section */

/* Begin PBXGroup section */
		B55874831E98BAE300998DB8 = {
			isa = PBXGroup;
			children = (
				B558748E1E98BAE300998DB8 /* UIPageViewController */,
				B55874AB1E98BAE300998DB8 /* UIPageViewControllerTests */,
				B55874B61E98BAE300998DB8 /* UIPageViewControllerUITests */,
				B558748D1E98BAE300998DB8 /* Products */,
			);
			sourceTree = "<group>";
		};
		B558748D1E98BAE300998DB8 /* Products */ = {
			isa = PBXGroup;
			children = (
				B558748C1E98BAE300998DB8 /* UIPageViewController.app */,
				B55874A81E98BAE300998DB8 /* UIPageViewControllerTests.xctest */,
				B55874B31E98BAE300998DB8 /* UIPageViewControllerUITests.xctest */,
			);
			name = Products;
			sourceTree = "<group>";
		};
		B558748E1E98BAE300998DB8 /* UIPageViewController */ = {
			isa = PBXGroup;
			children = (
				B55874921E98BAE300998DB8 /* AppDelegate.h */,
				B55874931E98BAE300998DB8 /* AppDelegate.m */,
				B55874951E98BAE300998DB8 /* ViewController.h */,
				B55874961E98BAE300998DB8 /* ViewController.m */,
				B55874981E98BAE300998DB8 /* Main.storyboard */,
				B558749E1E98BAE300998DB8 /* Assets.xcassets */,
				B55874A01E98BAE300998DB8 /* LaunchScreen.storyboard */,
				B55874A31E98BAE300998DB8 /* Info.plist */,
				B558749B1E98BAE300998DB8 /* UIPageViewController.xcdatamodeld */,
				B558748F1E98BAE300998DB8 /* Supporting Files */,
				B55874C51E98BBAA00998DB8 /* QLWelcomeViewController.h */,
				B55874C61E98BBAA00998DB8 /* QLWelcomeViewController.m */,
				B55874C71E98BBAA00998DB8 /* QLWelcomeViewController.xib */,
			);
			path = UIPageViewController;
			sourceTree = "<group>";
		};
		B558748F1E98BAE300998DB8 /* Supporting Files */ = {
			isa = PBXGroup;
			children = (
				B55874901E98BAE300998DB8 /* main.m */,
			);
			name = "Supporting Files";
			sourceTree = "<group>";
		};
		B55874AB1E98BAE300998DB8 /* UIPageViewControllerTests */ = {
			isa = PBXGroup;
			children = (
				B55874AC1E98BAE300998DB8 /* UIPageViewControllerTests.m */,
				B55874AE1E98BAE300998DB8 /* Info.plist */,
			);
			path = UIPageViewControllerTests;
			sourceTree = "<group>";
		};
		B55874B61E98BAE300998DB8 /* UIPageViewControllerUITests */ = {
			isa = PBXGroup;
			children = (
				B55874B71E98BAE300998DB8 /* UIPageViewControllerUITests.m */,
				B55874B91E98BAE300998DB8 /* Info.plist */,
			);
			path = UIPageViewControllerUITests;
			sourceTree = "<group>";
		};
/* End PBXGroup section */

/* Begin PBXNativeTarget section */
		B558748B1E98BAE300998DB8 /* UIPageViewController */ = {
			isa = PBXNativeTarget;
			buildConfigurationList = B55874BC1E98BAE300998DB8 /* Build configuration list for PBXNativeTarget "UIPageViewController" */;
			buildPhases = (
				B55874881E98BAE300998DB8 /* Sources */,
				B55874891E98BAE300998DB8 /* Frameworks */,
				B558748A1E98BAE300998DB8 /* Resources */,
			);
			buildRules = (
			);
			dependencies = (
			);
			name = UIPageViewController;
			productName = UIPageViewController;
			productReference = B558748C1E98BAE300998DB8 /* UIPageViewController.app */;
			productType = "com.apple.product-type.application";
		};
		B55874A71E98BAE300998DB8 /* UIPageViewControllerTests */ = {
			isa = PBXNativeTarget;
			buildConfigurationList = B55874BF1E98BAE300998DB8 /* Build configuration list for PBXNativeTarget "UIPageViewControllerTests" */;
			buildPhases = (
				B55874A41E98BAE300998DB8 /* Sources */,
				B55874A51E98BAE300998DB8 /* Frameworks */,
				B55874A61E98BAE300998DB8 /* Resources */,
			);
			buildRules = (
			);
			dependencies = (
				B55874AA1E98BAE300998DB8 /* PBXTargetDependency */,
			);
			name = UIPageViewControllerTests;
			productName = UIPageViewControllerTests;
			productReference = B55874A81E98BAE300998DB8 /* UIPageViewControllerTests.xctest */;
			productType = "com.apple.product-type.bundle.unit-test";
		};
		B55874B21E98BAE300998DB8 /* UIPageViewControllerUITests */ = {
			isa = PBXNativeTarget;
			buildConfigurationList = B55874C21E98BAE300998DB8 /* Build configuration list for PBXNativeTarget "UIPageViewControllerUITests" */;
			buildPhases = (
				B55874AF1E98BAE300998DB8 /* Sources */,
				B55874B01E98BAE300998DB8 /* Frameworks */,
				B55874B11E98BAE300998DB8 /* Resources */,
			);
			buildRules = (
			);
			dependencies = (
				B55874B51E98BAE300998DB8 /* PBXTargetDependency */,
			);
			name = UIPageViewControllerUITests;
			productName = UIPageViewControllerUITests;
			productReference = B55874B31E98BAE300998DB8 /* UIPageViewControllerUITests.xctest */;
			productType = "com.apple.product-type.bundle.ui-testing";
		};
/* End PBXNativeTarget section */

/* Begin PBXProject section */
		B55874841E98BAE300998DB8 /* Project object */ = {
			isa = PBXProject;
			attributes = {
				LastUpgradeCheck = 0830;
				ORGANIZATIONNAME = "戚璐";
				TargetAttributes = {
					B558748B1E98BAE300998DB8 = {
						CreatedOnToolsVersion = 8.3.1;
						DevelopmentTeam = KRH844752F;
						ProvisioningStyle = Automatic;
					};
					B55874A71E98BAE300998DB8 = {
						CreatedOnToolsVersion = 8.3.1;
						DevelopmentTeam = KRH844752F;
						ProvisioningStyle = Automatic;
						TestTargetID = B558748B1E98BAE300998DB8;
					};
					B55874B21E98BAE300998DB8 = {
						CreatedOnToolsVersion = 8.3.1;
						DevelopmentTeam = KRH844752F;
						ProvisioningStyle = Automatic;
						TestTargetID = B558748B1E98BAE300998DB8;
					};
				};
			};
			buildConfigurationList = B55874871E98BAE300998DB8 /* Build configuration list for PBXProject "UIPageViewController" */;
			compatibilityVersion = "Xcode 3.2";
			developmentRegion = English;
			hasScannedForEncodings = 0;
			knownRegions = (
				en,
				Base,
			);
			mainGroup = B55874831E98BAE300998DB8;
			productRefGroup = B558748D1E98BAE300998DB8 /* Products */;
			projectDirPath = "";
			projectRoot = "";
			targets = (
				B558748B1E98BAE300998DB8 /* UIPageViewController */,
				B55874A71E98BAE300998DB8 /* UIPageViewControllerTests */,
				B55874B21E98BAE300998DB8 /* UIPageViewControllerUITests */,
			);
		};
/* End PBXProject section */

/* Begin PBXResourcesBuildPhase section */
		B558748A1E98BAE300998DB8 /* Resources */ = {
			isa = PBXResourcesBuildPhase;
			buildActionMask = 2147483647;
			files = (
				B55874C91E98BBAA00998DB8 /* QLWelcomeViewController.xib in Resources */,
				B55874A21E98BAE300998DB8 /* LaunchScreen.storyboard in Resources */,
				B558749F1E98BAE300998DB8 /* Assets.xcassets in Resources */,
				B558749A1E98BAE300998DB8 /* Main.storyboard in Resources */,
			);
			runOnlyForDeploymentPostprocessing = 0;
		};
		B55874A61E98BAE300998DB8 /* Resources */ = {
			isa = PBXResourcesBuildPhase;
			buildActionMask = 2147483647;
			files = (
			);
			runOnlyForDeploymentPostprocessing = 0;
		};
		B55874B11E98BAE300998DB8 /* Resources */ = {
			isa = PBXResourcesBuildPhase;
			buildActionMask = 2147483647;
			files = (
			);
			runOnlyForDeploymentPostprocessing = 0;
		};
/* End PBXResourcesBuildPhase section */

/* Begin PBXSourcesBuildPhase section */
		B55874881E98BAE300998DB8 /* Sources */ = {
			isa = PBXSourcesBuildPhase;
			buildActionMask = 2147483647;
			files = (
				B55874971E98BAE300998DB8 /* ViewController.m in Sources */,
				B558749D1E98BAE300998DB8 /* UIPageViewController.xcdatamodeld in Sources */,
				B55874941E98BAE300998DB8 /* AppDelegate.m in Sources */,
				B55874C81E98BBAA00998DB8 /* QLWelcomeViewController.m in Sources */,
				B55874911E98BAE300998DB8 /* main.m in Sources */,
			);
			runOnlyForDeploymentPostprocessing = 0;
		};
		B55874A41E98BAE300998DB8 /* Sources */ = {
			isa = PBXSourcesBuildPhase;
			buildActionMask = 2147483647;
			files = (
				B55874AD1E98BAE300998DB8 /* UIPageViewControllerTests.m in Sources */,
			);
			runOnlyForDeploymentPostprocessing = 0;
		};
		B55874AF1E98BAE300998DB8 /* Sources */ = {
			isa = PBXSourcesBuildPhase;
			buildActionMask = 2147483647;
			files = (
				B55874B81E98BAE300998DB8 /* UIPageViewControllerUITests.m in Sources */,
			);
			runOnlyForDeploymentPostprocessing = 0;
		};
/* End PBXSourcesBuildPhase section */

/* Begin PBXTargetDependency section */
		B55874AA1E98BAE300998DB8 /* PBXTargetDependency */ = {
			isa = PBXTargetDependency;
			target = B558748B1E98BAE300998DB8 /* UIPageViewController */;
			targetProxy = B55874A91E98BAE300998DB8 /* PBXContainerItemProxy */;
		};
		B55874B51E98BAE300998DB8 /* PBXTargetDependency */ = {
			isa = PBXTargetDependency;
			target = B558748B1E98BAE300998DB8 /* UIPageViewController */;
			targetProxy = B55874B41E98BAE300998DB8 /* PBXContainerItemProxy */;
		};
/* End PBXTargetDependency section */

/* Begin PBXVariantGroup section */
		B55874981E98BAE300998DB8 /* Main.storyboard */ = {
			isa = PBXVariantGroup;
			children = (
				B55874991E98BAE300998DB8 /* Base */,
			);
			name = Main.storyboard;
			sourceTree = "<group>";
		};
		B55874A01E98BAE300998DB8 /* LaunchScreen.storyboard */ = {
			isa = PBXVariantGroup;
			children = (
				B55874A11E98BAE300998DB8 /* Base */,
			);
			name = LaunchScreen.storyboard;
			sourceTree = "<group>";
		};
/* End PBXVariantGroup section */

/* Begin XCBuildConfiguration section */
		B55874BA1E98BAE300998DB8 /* Debug */ = {
			isa = XCBuildConfiguration;
			buildSettings = {
				ALWAYS_SEARCH_USER_PATHS = NO;
				CLANG_ANALYZER_NONNULL = YES;
				CLANG_ANALYZER_NUMBER_OBJECT_CONVERSION = YES_AGGRESSIVE;
				CLANG_CXX_LANGUAGE_STANDARD = "gnu++0x";
				CLANG_CXX_LIBRARY = "libc++";
				CLANG_ENABLE_MODULES = YES;
				CLANG_ENABLE_OBJC_ARC = YES;
				CLANG_WARN_BOOL_CONVERSION = YES;
				CLANG_WARN_CONSTANT_CONVERSION = YES;
				CLANG_WARN_DIRECT_OBJC_ISA_USAGE = YES_ERROR;
				CLANG_WARN_DOCUMENTATION_COMMENTS = YES;
				CLANG_WARN_EMPTY_BODY = YES;
				CLANG_WARN_ENUM_CONVERSION = YES;
				CLANG_WARN_INFINITE_RECURSION = YES;
				CLANG_WARN_INT_CONVERSION = YES;
				CLANG_WARN_OBJC_ROOT_CLASS = YES_ERROR;
				CLANG_WARN_SUSPICIOUS_MOVE = YES;
				CLANG_WARN_UNREACHABLE_CODE = YES;
				CLANG_WARN__DUPLICATE_METHOD_MATCH = YES;
				"CODE_SIGN_IDENTITY[sdk=iphoneos*]" = "iPhone Developer";
				COPY_PHASE_STRIP = NO;
				DEBUG_INFORMATION_FORMAT = dwarf;
				ENABLE_STRICT_OBJC_MSGSEND = YES;
				ENABLE_TESTABILITY = YES;
				GCC_C_LANGUAGE_STANDARD = gnu99;
				GCC_DYNAMIC_NO_PIC = NO;
				GCC_NO_COMMON_BLOCKS = YES;
				GCC_OPTIMIZATION_LEVEL = 0;
				GCC_PREPROCESSOR_DEFINITIONS = (
					"DEBUG=1",
					"$(inherited)",
				);
				GCC_WARN_64_TO_32_BIT_CONVERSION = YES;
				GCC_WARN_ABOUT_RETURN_TYPE = YES_ERROR;
				GCC_WARN_UNDECLARED_SELECTOR = YES;
				GCC_WARN_UNINITIALIZED_AUTOS = YES_AGGRESSIVE;
				GCC_WARN_UNUSED_FUNCTION = YES;
				GCC_WARN_UNUSED_VARIABLE = YES;
				IPHONEOS_DEPLOYMENT_TARGET = 10.3;
				MTL_ENABLE_DEBUG_INFO = YES;
				ONLY_ACTIVE_ARCH = YES;
				SDKROOT = iphoneos;
				TARGETED_DEVICE_FAMILY = "1,2";
			};
			name = Debug;
		};
		B55874BB1E98BAE300998DB8 /* Release */ = {
			isa = XCBuildConfiguration;
			buildSettings = {
				ALWAYS_SEARCH_USER_PATHS = NO;
				CLANG_ANALYZER_NONNULL = YES;
				CLANG_ANALYZER_NUMBER_OBJECT_CONVERSION = YES_AGGRESSIVE;
				CLANG_CXX_LANGUAGE_STANDARD = "gnu++0x";
				CLANG_CXX_LIBRARY = "libc++";
				CLANG_ENABLE_MODULES = YES;
				CLANG_ENABLE_OBJC_ARC = YES;
				CLANG_WARN_BOOL_CONVERSION = YES;
				CLANG_WARN_CONSTANT_CONVERSION = YES;
				CLANG_WARN_DIRECT_OBJC_ISA_USAGE = YES_ERROR;
				CLANG_WARN_DOCUMENTATION_COMMENTS = YES;
				CLANG_WARN_EMPTY_BODY = YES;
				CLANG_WARN_ENUM_CONVERSION = YES;
				CLANG_WARN_INFINITE_RECURSION = YES;
				CLANG_WARN_INT_CONVERSION = YES;
				CLANG_WARN_OBJC_ROOT_CLASS = YES_ERROR;
				CLANG_WARN_SUSPICIOUS_MOVE = YES;
				CLANG_WARN_UNREACHABLE_CODE = YES;
				CLANG_WARN__DUPLICATE_METHOD_MATCH = YES;
				"CODE_SIGN_IDENTITY[sdk=iphoneos*]" = "iPhone Developer";
				COPY_PHASE_STRIP = NO;
				DEBUG_INFORMATION_FORMAT = "dwarf-with-dsym";
				ENABLE_NS_ASSERTIONS = NO;
				ENABLE_STRICT_OBJC_MSGSEND = YES;
				GCC_C_LANGUAGE_STANDARD = gnu99;
				GCC_NO_COMMON_BLOCKS = YES;
				GCC_WARN_64_TO_32_BIT_CONVERSION = YES;
				GCC_WARN_ABOUT_RETURN_TYPE = YES_ERROR;
				GCC_WARN_UNDECLARED_SELECTOR = YES;
				GCC_WARN_UNINITIALIZED_AUTOS = YES_AGGRESSIVE;
				GCC_WARN_UNUSED_FUNCTION = YES;
				GCC_WARN_UNUSED_VARIABLE = YES;
				IPHONEOS_DEPLOYMENT_TARGET = 10.3;
				MTL_ENABLE_DEBUG_INFO = NO;
				SDKROOT = iphoneos;
				TARGETED_DEVICE_FAMILY = "1,2";
				VALIDATE_PRODUCT = YES;
			};
			name = Release;
		};
		B55874BD1E98BAE300998DB8 /* Debug */ = {
			isa = XCBuildConfiguration;
			buildSettings = {
				ASSETCATALOG_COMPILER_APPICON_NAME = AppIcon;
				DEVELOPMENT_TEAM = KRH844752F;
				INFOPLIST_FILE = UIPageViewController/Info.plist;
				LD_RUNPATH_SEARCH_PATHS = "$(inherited) @executable_path/Frameworks";
				PRODUCT_BUNDLE_IDENTIFIER = com.himyfairy.UIPageViewController;
				PRODUCT_NAME = "$(TARGET_NAME)";
			};
			name = Debug;
		};
		B55874BE1E98BAE300998DB8 /* Release */ = {
			isa = XCBuildConfiguration;
			buildSettings = {
				ASSETCATALOG_COMPILER_APPICON_NAME = AppIcon;
				DEVELOPMENT_TEAM = KRH844752F;
				INFOPLIST_FILE = UIPageViewController/Info.plist;
				LD_RUNPATH_SEARCH_PATHS = "$(inherited) @executable_path/Frameworks";
				PRODUCT_BUNDLE_IDENTIFIER = com.himyfairy.UIPageViewController;
				PRODUCT_NAME = "$(TARGET_NAME)";
			};
			name = Release;
		};
		B55874C01E98BAE300998DB8 /* Debug */ = {
			isa = XCBuildConfiguration;
			buildSettings = {
				BUNDLE_LOADER = "$(TEST_HOST)";
				DEVELOPMENT_TEAM = KRH844752F;
				INFOPLIST_FILE = UIPageViewControllerTests/Info.plist;
				LD_RUNPATH_SEARCH_PATHS = "$(inherited) @executable_path/Frameworks @loader_path/Frameworks";
				PRODUCT_BUNDLE_IDENTIFIER = com.himyfairy.UIPageViewControllerTests;
				PRODUCT_NAME = "$(TARGET_NAME)";
				TEST_HOST = "$(BUILT_PRODUCTS_DIR)/UIPageViewController.app/UIPageViewController";
			};
			name = Debug;
		};
		B55874C11E98BAE300998DB8 /* Release */ = {
			isa = XCBuildConfiguration;
			buildSettings = {
				BUNDLE_LOADER = "$(TEST_HOST)";
				DEVELOPMENT_TEAM = KRH844752F;
				INFOPLIST_FILE = UIPageViewControllerTests/Info.plist;
				LD_RUNPATH_SEARCH_PATHS = "$(inherited) @executable_path/Frameworks @loader_path/Frameworks";
				PRODUCT_BUNDLE_IDENTIFIER = com.himyfairy.UIPageViewControllerTests;
				PRODUCT_NAME = "$(TARGET_NAME)";
				TEST_HOST = "$(BUILT_PRODUCTS_DIR)/UIPageViewController.app/UIPageViewController";
			};
			name = Release;
		};
		B55874C31E98BAE300998DB8 /* Debug */ = {
			isa = XCBuildConfiguration;
			buildSettings = {
				DEVELOPMENT_TEAM = KRH844752F;
				INFOPLIST_FILE = UIPageViewControllerUITests/Info.plist;
				LD_RUNPATH_SEARCH_PATHS = "$(inherited) @executable_path/Frameworks @loader_path/Frameworks";
				PRODUCT_BUNDLE_IDENTIFIER = com.himyfairy.UIPageViewControllerUITests;
				PRODUCT_NAME = "$(TARGET_NAME)";
				TEST_TARGET_NAME = UIPageViewController;
			};
			name = Debug;
		};
		B55874C41E98BAE300998DB8 /* Release */ = {
			isa = XCBuildConfiguration;
			buildSettings = {
				DEVELOPMENT_TEAM = KRH844752F;
				INFOPLIST_FILE = UIPageViewControllerUITests/Info.plist;
				LD_RUNPATH_SEARCH_PATHS = "$(inherited) @executable_path/Frameworks @loader_path/Frameworks";
				PRODUCT_BUNDLE_IDENTIFIER = com.himyfairy.UIPageViewControllerUITests;
				PRODUCT_NAME = "$(TARGET_NAME)";
				TEST_TARGET_NAME = UIPageViewController;
			};
			name = Release;
		};
/* End XCBuildConfiguration section */

/* Begin XCConfigurationList section */
		B55874871E98BAE300998DB8 /* Build configuration list for PBXProject "UIPageViewController" */ = {
			isa = XCConfigurationList;
			buildConfigurations = (
				B55874BA1E98BAE300998DB8 /* Debug */,
				B55874BB1E98BAE300998DB8 /* Release */,
			);
			defaultConfigurationIsVisible = 0;
			defaultConfigurationName = Release;
		};
		B55874BC1E98BAE300998DB8 /* Build configuration list for PBXNativeTarget "UIPageViewController" */ = {
			isa = XCConfigurationList;
			buildConfigurations = (
				B55874BD1E98BAE300998DB8 /* Debug */,
				B55874BE1E98BAE300998DB8 /* Release */,
			);
			defaultConfigurationIsVisible = 0;
		};
		B55874BF1E98BAE300998DB8 /* Build configuration list for PBXNativeTarget "UIPageViewControllerTests" */ = {
			isa = XCConfigurationList;
			buildConfigurations = (
				B55874C01E98BAE300998DB8 /* Debug */,
				B55874C11E98BAE300998DB8 /* Release */,
			);
			defaultConfigurationIsVisible = 0;
		};
		B55874C21E98BAE300998DB8 /* Build configuration list for PBXNativeTarget "UIPageViewControllerUITests" */ = {
			isa = XCConfigurationList;
			buildConfigurations = (
				B55874C31E98BAE300998DB8 /* Debug */,
				B55874C41E98BAE300998DB8 /* Release */,
			);
			defaultConfigurationIsVisible = 0;
		};
/* End XCConfigurationList section */

/* Begin XCVersionGroup section */
		B558749B1E98BAE300998DB8 /* UIPageViewController.xcdatamodeld */ = {
			isa = XCVersionGroup;
			children = (
				B558749C1E98BAE300998DB8 /* UIPageViewController.xcdatamodel */,
			);
			currentVersion = B558749C1E98BAE300998DB8 /* UIPageViewController.xcdatamodel */;
			path = UIPageViewController.xcdatamodeld;
			sourceTree = "<group>";
			versionGroupType = wrapper.xcdatamodel;
		};
/* End XCVersionGroup section */
	};
	rootObject = B55874841E98BAE300998DB8 /* Project object */;
}
